
Microsoft Visual Studio Solution File, Format Version 12.00
# Visual Studio Version 17
VisualStudioVersion = 17.13.35931.197 d17.13
MinimumVisualStudioVersion = 10.0.40219.1
Project("{FAE04EC0-301F-11D3-BF4B-00C04F79EFBC}") = "ex002", "ex002.csproj", "{29BF96E5-C11D-4B90-AA09-1FA71EEDECB4}"
EndProject
Global
	GlobalSection(SolutionConfigurationPlatforms) = preSolution
		Debug|Any CPU = Debug|Any CPU
		Release|Any CPU = Release|Any CPU
	EndGlobalSection
	GlobalSection(ProjectConfigurationPlatforms) = postSolution
		{29BF96E5-C11D-4B90-AA09-1FA71EEDECB4}.Debug|Any CPU.ActiveCfg = Debug|Any CPU
		{29BF96E5-C11D-4B90-AA09-1FA71EEDECB4}.Debug|Any CPU.Build.0 = Debug|Any CPU
		{29BF96E5-C11D-4B90-AA09-1FA71EEDECB4}.Release|Any CPU.ActiveCfg = Release|Any CPU
		{29BF96E5-C11D-4B90-AA09-1FA71EEDECB4}.Release|Any CPU.Build.0 = Release|Any CPU
	EndGlobalSection
	GlobalSection(SolutionProperties) = preSolution
		HideSolutionNode = FALSE
	EndGlobalSection
	GlobalSection(ExtensibilityGlobals) = postSolution
		SolutionGuid = {FDF12405-59D1-46EE-88DD-AD570A4EE907}
	EndGlobalSection
EndGlobal
